
Microsoft Visual Studio Solution File, Format Version 12.00
# Visual Studio Version 16
VisualStudioVersion = 16.0.31911.196
MinimumVisualStudioVersion = 10.0.40219.1
Project("{FAE04EC0-301F-11D3-BF4B-00C04F79EFBC}") = "EmployeeWage", "EmployeeWage\EmployeeWage.csproj", "{EE54C9EE-D20E-4654-9725-7EA0A0590436}"
EndProject
Global
	GlobalSection(SolutionConfigurationPlatforms) = preSolution
		Debug|Any CPU = Debug|Any CPU
		Release|Any CPU = Release|Any CPU
	EndGlobalSection
	GlobalSection(ProjectConfigurationPlatforms) = postSolution
		{EE54C9EE-D20E-4654-9725-7EA0A0590436}.Debug|Any CPU.ActiveCfg = Debug|Any CPU
		{EE54C9EE-D20E-4654-9725-7EA0A0590436}.Debug|Any CPU.Build.0 = Debug|Any CPU
		{EE54C9EE-D20E-4654-9725-7EA0A0590436}.Release|Any CPU.ActiveCfg = Release|Any CPU
		{EE54C9EE-D20E-4654-9725-7EA0A0590436}.Release|Any CPU.Build.0 = Release|Any CPU
	EndGlobalSection
	GlobalSection(SolutionProperties) = preSolution
		HideSolutionNode = FALSE
	EndGlobalSection
	GlobalSection(ExtensibilityGlobals) = postSolution
		SolutionGuid = {483D0472-B21A-48B0-BFD1-E0233C316BF7}
	EndGlobalSection
EndGlobal
